
Microsoft Visual Studio Solution File, Format Version 12.00
# Visual Studio Version 17
VisualStudioVersion = 17.14.36121.58
MinimumVisualStudioVersion = 10.0.40219.1
Project("{FAE04EC0-301F-11D3-BF4B-00C04F79EFBC}") = "trans.tracker.lb", "trans.tracker.lb\trans.tracker.lb.csproj", "{DB3F19AF-00BC-446A-AA48-1298F49E88BE}"
EndProject
Project("{FAE04EC0-301F-11D3-BF4B-00C04F79EFBC}") = "ConsoleTester", "ConsoleTester\ConsoleTester.csproj", "{3537B9C5-4825-4088-9EDD-58F3D898128A}"
EndProject
Project("{FAE04EC0-301F-11D3-BF4B-00C04F79EFBC}") = "trans.tracker.lb.tests", "trans.tracker.lb.tests\trans.tracker.lb.tests.csproj", "{DCF9E42B-6027-4B71-B450-C82B10224715}"
EndProject
Global
	GlobalSection(SolutionConfigurationPlatforms) = preSolution
		Debug|Any CPU = Debug|Any CPU
		Release|Any CPU = Release|Any CPU
	EndGlobalSection
	GlobalSection(ProjectConfigurationPlatforms) = postSolution
		{DB3F19AF-00BC-446A-AA48-1298F49E88BE}.Debug|Any CPU.ActiveCfg = Debug|Any CPU
		{DB3F19AF-00BC-446A-AA48-1298F49E88BE}.Debug|Any CPU.Build.0 = Debug|Any CPU
		{DB3F19AF-00BC-446A-AA48-1298F49E88BE}.Release|Any CPU.ActiveCfg = Release|Any CPU
		{DB3F19AF-00BC-446A-AA48-1298F49E88BE}.Release|Any CPU.Build.0 = Release|Any CPU
		{3537B9C5-4825-4088-9EDD-58F3D898128A}.Debug|Any CPU.ActiveCfg = Debug|Any CPU
		{3537B9C5-4825-4088-9EDD-58F3D898128A}.Debug|Any CPU.Build.0 = Debug|Any CPU
		{3537B9C5-4825-4088-9EDD-58F3D898128A}.Release|Any CPU.ActiveCfg = Release|Any CPU
		{3537B9C5-4825-4088-9EDD-58F3D898128A}.Release|Any CPU.Build.0 = Release|Any CPU
		{DCF9E42B-6027-4B71-B450-C82B10224715}.Debug|Any CPU.ActiveCfg = Debug|Any CPU
		{DCF9E42B-6027-4B71-B450-C82B10224715}.Debug|Any CPU.Build.0 = Debug|Any CPU
		{DCF9E42B-6027-4B71-B450-C82B10224715}.Release|Any CPU.ActiveCfg = Release|Any CPU
		{DCF9E42B-6027-4B71-B450-C82B10224715}.Release|Any CPU.Build.0 = Release|Any CPU
	EndGlobalSection
	GlobalSection(SolutionProperties) = preSolution
		HideSolutionNode = FALSE
	EndGlobalSection
	GlobalSection(ExtensibilityGlobals) = postSolution
		SolutionGuid = {6CFE1ED7-B322-45F9-B2A1-9476DF76C0DF}
	EndGlobalSection
EndGlobal
